
Microsoft Visual Studio Solution File, Format Version 12.00
# Visual Studio 15
VisualStudioVersion = 15.0.27703.2035
MinimumVisualStudioVersion = 10.0.40219.1
Project("{FAE04EC0-301F-11D3-BF4B-00C04F79EFBC}") = "Chapter6Debugging1", "Chapter6Debugging1\Chapter6Debugging1.csproj", "{26574728-2AF2-4BAB-9A29-0BE0D7A92EA0}"
EndProject
Global
	GlobalSection(SolutionConfigurationPlatforms) = preSolution
		Debug|Any CPU = Debug|Any CPU
		Release|Any CPU = Release|Any CPU
	EndGlobalSection
	GlobalSection(ProjectConfigurationPlatforms) = postSolution
		{26574728-2AF2-4BAB-9A29-0BE0D7A92EA0}.Debug|Any CPU.ActiveCfg = Debug|Any CPU
		{26574728-2AF2-4BAB-9A29-0BE0D7A92EA0}.Debug|Any CPU.Build.0 = Debug|Any CPU
		{26574728-2AF2-4BAB-9A29-0BE0D7A92EA0}.Release|Any CPU.ActiveCfg = Release|Any CPU
		{26574728-2AF2-4BAB-9A29-0BE0D7A92EA0}.Release|Any CPU.Build.0 = Release|Any CPU
	EndGlobalSection
	GlobalSection(SolutionProperties) = preSolution
		HideSolutionNode = FALSE
	EndGlobalSection
	GlobalSection(ExtensibilityGlobals) = postSolution
		SolutionGuid = {BD108A11-EA29-40AB-B421-81F5246C2673}
	EndGlobalSection
EndGlobal
